
Microsoft Visual Studio Solution File, Format Version 12.00
# Visual Studio Version 17
VisualStudioVersion = 17.9.34902.65
MinimumVisualStudioVersion = 10.0.40219.1
Project("{FAE04EC0-301F-11D3-BF4B-00C04F79EFBC}") = "BookStore", "BookStore\BookStore.csproj", "{D8EC6175-49D0-4B50-87A0-837766DDA3E3}"
EndProject
Project("{FAE04EC0-301F-11D3-BF4B-00C04F79EFBC}") = "Store.Models", "Store.Models\Store.Models.csproj", "{25F35E70-B71D-4181-8BCB-0E1BAC47C9C3}"
EndProject
Project("{FAE04EC0-301F-11D3-BF4B-00C04F79EFBC}") = "Store.DataAccess", "Store.DataAccess\Store.DataAccess.csproj", "{E8216003-FE91-4465-8106-E12C9C526098}"
EndProject
Project("{FAE04EC0-301F-11D3-BF4B-00C04F79EFBC}") = "Store.Utility", "Store.Utility\Store.Utility.csproj", "{0B251276-549C-4F96-870F-109708A4ED46}"
EndProject
Global
	GlobalSection(SolutionConfigurationPlatforms) = preSolution
		Debug|Any CPU = Debug|Any CPU
		Release|Any CPU = Release|Any CPU
	EndGlobalSection
	GlobalSection(ProjectConfigurationPlatforms) = postSolution
		{D8EC6175-49D0-4B50-87A0-837766DDA3E3}.Debug|Any CPU.ActiveCfg = Debug|Any CPU
		{D8EC6175-49D0-4B50-87A0-837766DDA3E3}.Debug|Any CPU.Build.0 = Debug|Any CPU
		{D8EC6175-49D0-4B50-87A0-837766DDA3E3}.Release|Any CPU.ActiveCfg = Release|Any CPU
		{D8EC6175-49D0-4B50-87A0-837766DDA3E3}.Release|Any CPU.Build.0 = Release|Any CPU
		{25F35E70-B71D-4181-8BCB-0E1BAC47C9C3}.Debug|Any CPU.ActiveCfg = Debug|Any CPU
		{25F35E70-B71D-4181-8BCB-0E1BAC47C9C3}.Debug|Any CPU.Build.0 = Debug|Any CPU
		{25F35E70-B71D-4181-8BCB-0E1BAC47C9C3}.Release|Any CPU.ActiveCfg = Release|Any CPU
		{25F35E70-B71D-4181-8BCB-0E1BAC47C9C3}.Release|Any CPU.Build.0 = Release|Any CPU
		{E8216003-FE91-4465-8106-E12C9C526098}.Debug|Any CPU.ActiveCfg = Debug|Any CPU
		{E8216003-FE91-4465-8106-E12C9C526098}.Debug|Any CPU.Build.0 = Debug|Any CPU
		{E8216003-FE91-4465-8106-E12C9C526098}.Release|Any CPU.ActiveCfg = Release|Any CPU
		{E8216003-FE91-4465-8106-E12C9C526098}.Release|Any CPU.Build.0 = Release|Any CPU
		{0B251276-549C-4F96-870F-109708A4ED46}.Debug|Any CPU.ActiveCfg = Debug|Any CPU
		{0B251276-549C-4F96-870F-109708A4ED46}.Debug|Any CPU.Build.0 = Debug|Any CPU
		{0B251276-549C-4F96-870F-109708A4ED46}.Release|Any CPU.ActiveCfg = Release|Any CPU
		{0B251276-549C-4F96-870F-109708A4ED46}.Release|Any CPU.Build.0 = Release|Any CPU
	EndGlobalSection
	GlobalSection(SolutionProperties) = preSolution
		HideSolutionNode = FALSE
	EndGlobalSection
	GlobalSection(ExtensibilityGlobals) = postSolution
		SolutionGuid = {9AE68885-C3A1-4962-8D2B-D8B1CAD2AA4D}
	EndGlobalSection
EndGlobal
